<Solution>
  <Configurations>
    <Platform Name="x64" />
    <Platform Name="x86" />
  </Configurations>
  <Project Path="../../../../../../../../SimEngineering/COS1/UGC/dev/Untitled Goose Chase/Untitled Goose Chase/Untitled Goose Chase.vcxproj" Id="172e61a6-788a-4fcd-a85b-b55ab4a6b0d3" />
</Solution>
